
Microsoft Visual Studio Solution File, Format Version 12.00
# Visual Studio 15
VisualStudioVersion = 15.0.26124.0
MinimumVisualStudioVersion = 15.0.26124.0
Project("{FAE04EC0-301F-11D3-BF4B-00C04F79EFBC}") = "OrderFlowStudio.Api", "OrderFlowStudio.Api\OrderFlowStudio.Api.csproj", "{2D6EF02E-0564-4095-8FC5-1C0B48D2178E}"
EndProject
Project("{FAE04EC0-301F-11D3-BF4B-00C04F79EFBC}") = "OrderFlowStudio.Data", "OrderFlowStudio.Data\OrderFlowStudio.Data.csproj", "{3EF49730-516C-4961-9EAE-CFBC5EB15DA0}"
EndProject
Project("{FAE04EC0-301F-11D3-BF4B-00C04F79EFBC}") = "OrderFlowStudio.Services", "OrderFlowStudio.Services\OrderFlowStudio.Services.csproj", "{35F86344-23DB-4518-8CB8-5E4368581C67}"
EndProject
Global
	GlobalSection(SolutionConfigurationPlatforms) = preSolution
		Debug|Any CPU = Debug|Any CPU
		Debug|x64 = Debug|x64
		Debug|x86 = Debug|x86
		Release|Any CPU = Release|Any CPU
		Release|x64 = Release|x64
		Release|x86 = Release|x86
	EndGlobalSection
	GlobalSection(SolutionProperties) = preSolution
		HideSolutionNode = FALSE
	EndGlobalSection
	GlobalSection(ProjectConfigurationPlatforms) = postSolution
		{2D6EF02E-0564-4095-8FC5-1C0B48D2178E}.Debug|Any CPU.ActiveCfg = Debug|Any CPU
		{2D6EF02E-0564-4095-8FC5-1C0B48D2178E}.Debug|Any CPU.Build.0 = Debug|Any CPU
		{2D6EF02E-0564-4095-8FC5-1C0B48D2178E}.Debug|x64.ActiveCfg = Debug|Any CPU
		{2D6EF02E-0564-4095-8FC5-1C0B48D2178E}.Debug|x64.Build.0 = Debug|Any CPU
		{2D6EF02E-0564-4095-8FC5-1C0B48D2178E}.Debug|x86.ActiveCfg = Debug|Any CPU
		{2D6EF02E-0564-4095-8FC5-1C0B48D2178E}.Debug|x86.Build.0 = Debug|Any CPU
		{2D6EF02E-0564-4095-8FC5-1C0B48D2178E}.Release|Any CPU.ActiveCfg = Release|Any CPU
		{2D6EF02E-0564-4095-8FC5-1C0B48D2178E}.Release|Any CPU.Build.0 = Release|Any CPU
		{2D6EF02E-0564-4095-8FC5-1C0B48D2178E}.Release|x64.ActiveCfg = Release|Any CPU
		{2D6EF02E-0564-4095-8FC5-1C0B48D2178E}.Release|x64.Build.0 = Release|Any CPU
		{2D6EF02E-0564-4095-8FC5-1C0B48D2178E}.Release|x86.ActiveCfg = Release|Any CPU
		{2D6EF02E-0564-4095-8FC5-1C0B48D2178E}.Release|x86.Build.0 = Release|Any CPU
		{3EF49730-516C-4961-9EAE-CFBC5EB15DA0}.Debug|Any CPU.ActiveCfg = Debug|Any CPU
		{3EF49730-516C-4961-9EAE-CFBC5EB15DA0}.Debug|Any CPU.Build.0 = Debug|Any CPU
		{3EF49730-516C-4961-9EAE-CFBC5EB15DA0}.Debug|x64.ActiveCfg = Debug|Any CPU
		{3EF49730-516C-4961-9EAE-CFBC5EB15DA0}.Debug|x64.Build.0 = Debug|Any CPU
		{3EF49730-516C-4961-9EAE-CFBC5EB15DA0}.Debug|x86.ActiveCfg = Debug|Any CPU
		{3EF49730-516C-4961-9EAE-CFBC5EB15DA0}.Debug|x86.Build.0 = Debug|Any CPU
		{3EF49730-516C-4961-9EAE-CFBC5EB15DA0}.Release|Any CPU.ActiveCfg = Release|Any CPU
		{3EF49730-516C-4961-9EAE-CFBC5EB15DA0}.Release|Any CPU.Build.0 = Release|Any CPU
		{3EF49730-516C-4961-9EAE-CFBC5EB15DA0}.Release|x64.ActiveCfg = Release|Any CPU
		{3EF49730-516C-4961-9EAE-CFBC5EB15DA0}.Release|x64.Build.0 = Release|Any CPU
		{3EF49730-516C-4961-9EAE-CFBC5EB15DA0}.Release|x86.ActiveCfg = Release|Any CPU
		{3EF49730-516C-4961-9EAE-CFBC5EB15DA0}.Release|x86.Build.0 = Release|Any CPU
		{35F86344-23DB-4518-8CB8-5E4368581C67}.Debug|Any CPU.ActiveCfg = Debug|Any CPU
		{35F86344-23DB-4518-8CB8-5E4368581C67}.Debug|Any CPU.Build.0 = Debug|Any CPU
		{35F86344-23DB-4518-8CB8-5E4368581C67}.Debug|x64.ActiveCfg = Debug|Any CPU
		{35F86344-23DB-4518-8CB8-5E4368581C67}.Debug|x64.Build.0 = Debug|Any CPU
		{35F86344-23DB-4518-8CB8-5E4368581C67}.Debug|x86.ActiveCfg = Debug|Any CPU
		{35F86344-23DB-4518-8CB8-5E4368581C67}.Debug|x86.Build.0 = Debug|Any CPU
		{35F86344-23DB-4518-8CB8-5E4368581C67}.Release|Any CPU.ActiveCfg = Release|Any CPU
		{35F86344-23DB-4518-8CB8-5E4368581C67}.Release|Any CPU.Build.0 = Release|Any CPU
		{35F86344-23DB-4518-8CB8-5E4368581C67}.Release|x64.ActiveCfg = Release|Any CPU
		{35F86344-23DB-4518-8CB8-5E4368581C67}.Release|x64.Build.0 = Release|Any CPU
		{35F86344-23DB-4518-8CB8-5E4368581C67}.Release|x86.ActiveCfg = Release|Any CPU
		{35F86344-23DB-4518-8CB8-5E4368581C67}.Release|x86.Build.0 = Release|Any CPU
	EndGlobalSection
EndGlobal
